
Microsoft Visual Studio Solution File, Format Version 12.00
# Visual Studio Version 17
VisualStudioVersion = 17.10.34825.169
MinimumVisualStudioVersion = 10.0.40219.1
Project("{2150E333-8FDC-42A3-9474-1A3956D46DE8}") = "Src", "Src", "{31E40028-9CE2-45A4-996C-6A6E858BE294}"
EndProject
Project("{2150E333-8FDC-42A3-9474-1A3956D46DE8}") = "Test", "Test", "{01209564-A426-4678-A6BF-CE37C0DE8FCF}"
EndProject
Project("{2150E333-8FDC-42A3-9474-1A3956D46DE8}") = "Shared", "Shared", "{C1F1F303-A955-4E59-B6FD-733FBDAA0F13}"
EndProject
Project("{FAE04EC0-301F-11D3-BF4B-00C04F79EFBC}") = "BuildingBlocks", "Src\Shared\BuildingBlocks\BuildingBlocks.csproj", "{E1099248-BD2B-4F07-A839-0C926F78CACB}"
EndProject
Project("{2150E333-8FDC-42A3-9474-1A3956D46DE8}") = "AppHost", "AppHost", "{2B4D7523-89F4-4079-ACC0-4BCAB6272042}"
EndProject
Project("{FAE04EC0-301F-11D3-BF4B-00C04F79EFBC}") = "BuildingBlocks.Messaging", "Src\Shared\BuildingBlocks.Messaging\BuildingBlocks.Messaging.csproj", "{F195A5AA-99AC-48D4-93FA-5FE74CF112ED}"
EndProject
Project("{2150E333-8FDC-42A3-9474-1A3956D46DE8}") = "Services", "Services", "{5D563CCD-CFF8-41E4-A732-B16B1316AAB9}"
EndProject
Project("{2150E333-8FDC-42A3-9474-1A3956D46DE8}") = "ApiGateways", "ApiGateways", "{A824C7B1-F914-4C97-BEDE-8E648301E6B9}"
EndProject
Project("{2150E333-8FDC-42A3-9474-1A3956D46DE8}") = "Accommodation", "Accommodation", "{894479B9-14AD-4D2A-9549-DB903C79F4AB}"
EndProject
Project("{2150E333-8FDC-42A3-9474-1A3956D46DE8}") = "Person", "Person", "{50ABD512-4CC3-4E28-9DCC-D66B23C02929}"
EndProject
Project("{2150E333-8FDC-42A3-9474-1A3956D46DE8}") = "Ticketing", "Ticketing", "{16462BB8-DA34-4CC0-BD86-A341ADA0817C}"
EndProject
Project("{2150E333-8FDC-42A3-9474-1A3956D46DE8}") = "Orchestration", "Orchestration", "{6D9B7228-EBD6-40A6-B68F-C3A58447636B}"
EndProject
Project("{2150E333-8FDC-42A3-9474-1A3956D46DE8}") = "Shipment", "Shipment", "{BE9B8354-51FD-4A6F-963C-A166A944C427}"
EndProject
Project("{2150E333-8FDC-42A3-9474-1A3956D46DE8}") = "Core", "Core", "{E3BC4151-6FE8-4095-A16E-9B1DDB3AF43C}"
EndProject
Project("{2150E333-8FDC-42A3-9474-1A3956D46DE8}") = "Presentation", "Presentation", "{06CF6F2B-7BE8-4ED3-8684-8512221F54A5}"
EndProject
Project("{2150E333-8FDC-42A3-9474-1A3956D46DE8}") = "Infrastructure", "Infrastructure", "{50C13670-D6C6-4429-B0A5-1F957D74C5AB}"
EndProject
Project("{FAE04EC0-301F-11D3-BF4B-00C04F79EFBC}") = "Domain", "Src\Services\Ticket\Core\Domain\Domain.csproj", "{20F7D822-5066-46F5-BD3D-69C306DDE0E4}"
EndProject
Project("{FAE04EC0-301F-11D3-BF4B-00C04F79EFBC}") = "Application", "Src\Services\Ticket\Core\Application\Application.csproj", "{2FEFD323-F66D-45D6-9133-779B0DB3F1B9}"
EndProject
Project("{FAE04EC0-301F-11D3-BF4B-00C04F79EFBC}") = "Persistence", "Src\Services\Ticket\Infrastructure\Persistence\Persistence.csproj", "{665BC9AC-900B-4673-94C4-D6574A4624D5}"
EndProject
Project("{FAE04EC0-301F-11D3-BF4B-00C04F79EFBC}") = "Infrastructure", "Src\Services\Ticket\Infrastructure\Infrastructure\Infrastructure.csproj", "{F4035367-0C27-4141-86C1-A42BACF36F7E}"
EndProject
Project("{FAE04EC0-301F-11D3-BF4B-00C04F79EFBC}") = "Ticketing.Api", "Src\Services\Ticket\Presentation\Ticketing.Api\Ticketing.Api.csproj", "{67E6501F-6519-4780-B1A6-3FFCA19A1A93}"
EndProject
Project("{FAE04EC0-301F-11D3-BF4B-00C04F79EFBC}") = "Aspire.AppHost", "Src\AppHost\Aspire.AppHost\Aspire.AppHost.AppHost\Aspire.AppHost.csproj", "{3D7B93D5-F6F0-403C-A8D7-7644377BEA83}"
EndProject
Project("{FAE04EC0-301F-11D3-BF4B-00C04F79EFBC}") = "Aspire.AppHost.ServiceDefaults", "Src\AppHost\Aspire.AppHost\Aspire.AppHost.ServiceDefaults\Aspire.AppHost.ServiceDefaults.csproj", "{CB4E5DA0-EC6A-40DD-B6CF-1CC3CD0FF2B3}"
EndProject
Project("{2150E333-8FDC-42A3-9474-1A3956D46DE8}") = "Presentation", "Presentation", "{4D1E24C5-A4E0-43C8-A717-4E9E87EAFE72}"
EndProject
Project("{2150E333-8FDC-42A3-9474-1A3956D46DE8}") = "Infrastructure", "Infrastructure", "{DD4C3EBB-7D03-44D2-B50C-7CC93E40B81E}"
EndProject
Project("{2150E333-8FDC-42A3-9474-1A3956D46DE8}") = "Core", "Core", "{830FBFAA-51D8-4216-BB05-89AC15016D68}"
EndProject
Project("{2150E333-8FDC-42A3-9474-1A3956D46DE8}") = "Core", "Core", "{9CE2210B-F942-4A00-BB1B-9AB1536B5013}"
EndProject
Project("{2150E333-8FDC-42A3-9474-1A3956D46DE8}") = "Infrastructure", "Infrastructure", "{161DA7F1-4798-4FD3-AD62-FC5CE111F200}"
EndProject
Project("{2150E333-8FDC-42A3-9474-1A3956D46DE8}") = "Presentation", "Presentation", "{802B22A4-6155-440E-AF7E-2B5A9BFD0659}"
EndProject
Project("{2150E333-8FDC-42A3-9474-1A3956D46DE8}") = "Core", "Core", "{E525C058-6A3E-4459-B334-D60C8EBD1EAA}"
EndProject
Project("{2150E333-8FDC-42A3-9474-1A3956D46DE8}") = "Infrastructure", "Infrastructure", "{0304A471-1875-40A2-89EF-E81985648357}"
EndProject
Project("{2150E333-8FDC-42A3-9474-1A3956D46DE8}") = "Presentation", "Presentation", "{2AA539D6-0C4B-4F22-B320-36795CD9C0A7}"
EndProject
Project("{FAE04EC0-301F-11D3-BF4B-00C04F79EFBC}") = "Ocelot.ApiGateways", "Src\ApiGateways\Ocelot.ApiGateways\Ocelot.ApiGateways.csproj", "{E0EB77C5-34DE-4D1D-8A34-450D83D91493}"
EndProject
Global
	GlobalSection(SolutionConfigurationPlatforms) = preSolution
		Debug|Any CPU = Debug|Any CPU
		Release|Any CPU = Release|Any CPU
	EndGlobalSection
	GlobalSection(ProjectConfigurationPlatforms) = postSolution
		{E1099248-BD2B-4F07-A839-0C926F78CACB}.Debug|Any CPU.ActiveCfg = Debug|Any CPU
		{E1099248-BD2B-4F07-A839-0C926F78CACB}.Debug|Any CPU.Build.0 = Debug|Any CPU
		{E1099248-BD2B-4F07-A839-0C926F78CACB}.Release|Any CPU.ActiveCfg = Release|Any CPU
		{E1099248-BD2B-4F07-A839-0C926F78CACB}.Release|Any CPU.Build.0 = Release|Any CPU
		{F195A5AA-99AC-48D4-93FA-5FE74CF112ED}.Debug|Any CPU.ActiveCfg = Debug|Any CPU
		{F195A5AA-99AC-48D4-93FA-5FE74CF112ED}.Debug|Any CPU.Build.0 = Debug|Any CPU
		{F195A5AA-99AC-48D4-93FA-5FE74CF112ED}.Release|Any CPU.ActiveCfg = Release|Any CPU
		{F195A5AA-99AC-48D4-93FA-5FE74CF112ED}.Release|Any CPU.Build.0 = Release|Any CPU
		{20F7D822-5066-46F5-BD3D-69C306DDE0E4}.Debug|Any CPU.ActiveCfg = Debug|Any CPU
		{20F7D822-5066-46F5-BD3D-69C306DDE0E4}.Debug|Any CPU.Build.0 = Debug|Any CPU
		{20F7D822-5066-46F5-BD3D-69C306DDE0E4}.Release|Any CPU.ActiveCfg = Release|Any CPU
		{20F7D822-5066-46F5-BD3D-69C306DDE0E4}.Release|Any CPU.Build.0 = Release|Any CPU
		{2FEFD323-F66D-45D6-9133-779B0DB3F1B9}.Debug|Any CPU.ActiveCfg = Debug|Any CPU
		{2FEFD323-F66D-45D6-9133-779B0DB3F1B9}.Debug|Any CPU.Build.0 = Debug|Any CPU
		{2FEFD323-F66D-45D6-9133-779B0DB3F1B9}.Release|Any CPU.ActiveCfg = Release|Any CPU
		{2FEFD323-F66D-45D6-9133-779B0DB3F1B9}.Release|Any CPU.Build.0 = Release|Any CPU
		{665BC9AC-900B-4673-94C4-D6574A4624D5}.Debug|Any CPU.ActiveCfg = Debug|Any CPU
		{665BC9AC-900B-4673-94C4-D6574A4624D5}.Debug|Any CPU.Build.0 = Debug|Any CPU
		{665BC9AC-900B-4673-94C4-D6574A4624D5}.Release|Any CPU.ActiveCfg = Release|Any CPU
		{665BC9AC-900B-4673-94C4-D6574A4624D5}.Release|Any CPU.Build.0 = Release|Any CPU
		{F4035367-0C27-4141-86C1-A42BACF36F7E}.Debug|Any CPU.ActiveCfg = Debug|Any CPU
		{F4035367-0C27-4141-86C1-A42BACF36F7E}.Debug|Any CPU.Build.0 = Debug|Any CPU
		{F4035367-0C27-4141-86C1-A42BACF36F7E}.Release|Any CPU.ActiveCfg = Release|Any CPU
		{F4035367-0C27-4141-86C1-A42BACF36F7E}.Release|Any CPU.Build.0 = Release|Any CPU
		{67E6501F-6519-4780-B1A6-3FFCA19A1A93}.Debug|Any CPU.ActiveCfg = Debug|Any CPU
		{67E6501F-6519-4780-B1A6-3FFCA19A1A93}.Debug|Any CPU.Build.0 = Debug|Any CPU
		{67E6501F-6519-4780-B1A6-3FFCA19A1A93}.Release|Any CPU.ActiveCfg = Release|Any CPU
		{67E6501F-6519-4780-B1A6-3FFCA19A1A93}.Release|Any CPU.Build.0 = Release|Any CPU
		{3D7B93D5-F6F0-403C-A8D7-7644377BEA83}.Debug|Any CPU.ActiveCfg = Debug|Any CPU
		{3D7B93D5-F6F0-403C-A8D7-7644377BEA83}.Debug|Any CPU.Build.0 = Debug|Any CPU
		{3D7B93D5-F6F0-403C-A8D7-7644377BEA83}.Release|Any CPU.ActiveCfg = Release|Any CPU
		{3D7B93D5-F6F0-403C-A8D7-7644377BEA83}.Release|Any CPU.Build.0 = Release|Any CPU
		{CB4E5DA0-EC6A-40DD-B6CF-1CC3CD0FF2B3}.Debug|Any CPU.ActiveCfg = Debug|Any CPU
		{CB4E5DA0-EC6A-40DD-B6CF-1CC3CD0FF2B3}.Debug|Any CPU.Build.0 = Debug|Any CPU
		{CB4E5DA0-EC6A-40DD-B6CF-1CC3CD0FF2B3}.Release|Any CPU.ActiveCfg = Release|Any CPU
		{CB4E5DA0-EC6A-40DD-B6CF-1CC3CD0FF2B3}.Release|Any CPU.Build.0 = Release|Any CPU
		{E0EB77C5-34DE-4D1D-8A34-450D83D91493}.Debug|Any CPU.ActiveCfg = Debug|Any CPU
		{E0EB77C5-34DE-4D1D-8A34-450D83D91493}.Debug|Any CPU.Build.0 = Debug|Any CPU
		{E0EB77C5-34DE-4D1D-8A34-450D83D91493}.Release|Any CPU.ActiveCfg = Release|Any CPU
		{E0EB77C5-34DE-4D1D-8A34-450D83D91493}.Release|Any CPU.Build.0 = Release|Any CPU
	EndGlobalSection
	GlobalSection(SolutionProperties) = preSolution
		HideSolutionNode = FALSE
	EndGlobalSection
	GlobalSection(NestedProjects) = preSolution
		{C1F1F303-A955-4E59-B6FD-733FBDAA0F13} = {31E40028-9CE2-45A4-996C-6A6E858BE294}
		{E1099248-BD2B-4F07-A839-0C926F78CACB} = {C1F1F303-A955-4E59-B6FD-733FBDAA0F13}
		{2B4D7523-89F4-4079-ACC0-4BCAB6272042} = {31E40028-9CE2-45A4-996C-6A6E858BE294}
		{F195A5AA-99AC-48D4-93FA-5FE74CF112ED} = {C1F1F303-A955-4E59-B6FD-733FBDAA0F13}
		{5D563CCD-CFF8-41E4-A732-B16B1316AAB9} = {31E40028-9CE2-45A4-996C-6A6E858BE294}
		{A824C7B1-F914-4C97-BEDE-8E648301E6B9} = {31E40028-9CE2-45A4-996C-6A6E858BE294}
		{894479B9-14AD-4D2A-9549-DB903C79F4AB} = {5D563CCD-CFF8-41E4-A732-B16B1316AAB9}
		{50ABD512-4CC3-4E28-9DCC-D66B23C02929} = {5D563CCD-CFF8-41E4-A732-B16B1316AAB9}
		{16462BB8-DA34-4CC0-BD86-A341ADA0817C} = {5D563CCD-CFF8-41E4-A732-B16B1316AAB9}
		{6D9B7228-EBD6-40A6-B68F-C3A58447636B} = {5D563CCD-CFF8-41E4-A732-B16B1316AAB9}
		{BE9B8354-51FD-4A6F-963C-A166A944C427} = {5D563CCD-CFF8-41E4-A732-B16B1316AAB9}
		{E3BC4151-6FE8-4095-A16E-9B1DDB3AF43C} = {16462BB8-DA34-4CC0-BD86-A341ADA0817C}
		{06CF6F2B-7BE8-4ED3-8684-8512221F54A5} = {16462BB8-DA34-4CC0-BD86-A341ADA0817C}
		{50C13670-D6C6-4429-B0A5-1F957D74C5AB} = {16462BB8-DA34-4CC0-BD86-A341ADA0817C}
		{20F7D822-5066-46F5-BD3D-69C306DDE0E4} = {E3BC4151-6FE8-4095-A16E-9B1DDB3AF43C}
		{2FEFD323-F66D-45D6-9133-779B0DB3F1B9} = {E3BC4151-6FE8-4095-A16E-9B1DDB3AF43C}
		{665BC9AC-900B-4673-94C4-D6574A4624D5} = {50C13670-D6C6-4429-B0A5-1F957D74C5AB}
		{F4035367-0C27-4141-86C1-A42BACF36F7E} = {50C13670-D6C6-4429-B0A5-1F957D74C5AB}
		{67E6501F-6519-4780-B1A6-3FFCA19A1A93} = {06CF6F2B-7BE8-4ED3-8684-8512221F54A5}
		{3D7B93D5-F6F0-403C-A8D7-7644377BEA83} = {2B4D7523-89F4-4079-ACC0-4BCAB6272042}
		{CB4E5DA0-EC6A-40DD-B6CF-1CC3CD0FF2B3} = {2B4D7523-89F4-4079-ACC0-4BCAB6272042}
		{4D1E24C5-A4E0-43C8-A717-4E9E87EAFE72} = {BE9B8354-51FD-4A6F-963C-A166A944C427}
		{DD4C3EBB-7D03-44D2-B50C-7CC93E40B81E} = {BE9B8354-51FD-4A6F-963C-A166A944C427}
		{830FBFAA-51D8-4216-BB05-89AC15016D68} = {BE9B8354-51FD-4A6F-963C-A166A944C427}
		{9CE2210B-F942-4A00-BB1B-9AB1536B5013} = {50ABD512-4CC3-4E28-9DCC-D66B23C02929}
		{161DA7F1-4798-4FD3-AD62-FC5CE111F200} = {50ABD512-4CC3-4E28-9DCC-D66B23C02929}
		{802B22A4-6155-440E-AF7E-2B5A9BFD0659} = {50ABD512-4CC3-4E28-9DCC-D66B23C02929}
		{E525C058-6A3E-4459-B334-D60C8EBD1EAA} = {894479B9-14AD-4D2A-9549-DB903C79F4AB}
		{0304A471-1875-40A2-89EF-E81985648357} = {894479B9-14AD-4D2A-9549-DB903C79F4AB}
		{2AA539D6-0C4B-4F22-B320-36795CD9C0A7} = {894479B9-14AD-4D2A-9549-DB903C79F4AB}
		{E0EB77C5-34DE-4D1D-8A34-450D83D91493} = {A824C7B1-F914-4C97-BEDE-8E648301E6B9}
	EndGlobalSection
	GlobalSection(ExtensibilityGlobals) = postSolution
		SolutionGuid = {F95E290E-203A-456C-BBD6-1B08D102C4F5}
	EndGlobalSection
EndGlobal
