
Microsoft Visual Studio Solution File, Format Version 12.00
# Visual Studio Version 17
VisualStudioVersion = 17.10.34825.169
MinimumVisualStudioVersion = 10.0.40219.1
Project("{2150E333-8FDC-42A3-9474-1A3956D46DE8}") = "Src", "Src", "{31E40028-9CE2-45A4-996C-6A6E858BE294}"
EndProject
Project("{2150E333-8FDC-42A3-9474-1A3956D46DE8}") = "Test", "Test", "{01209564-A426-4678-A6BF-CE37C0DE8FCF}"
EndProject
Project("{2150E333-8FDC-42A3-9474-1A3956D46DE8}") = "Shared", "Shared", "{C1F1F303-A955-4E59-B6FD-733FBDAA0F13}"
EndProject
Project("{FAE04EC0-301F-11D3-BF4B-00C04F79EFBC}") = "BuildingBlocks", "Src\Shared\BuildingBlocks\BuildingBlocks.csproj", "{E1099248-BD2B-4F07-A839-0C926F78CACB}"
EndProject
Project("{2150E333-8FDC-42A3-9474-1A3956D46DE8}") = "AppHost", "AppHost", "{2B4D7523-89F4-4079-ACC0-4BCAB6272042}"
EndProject
Project("{FAE04EC0-301F-11D3-BF4B-00C04F79EFBC}") = "BuildingBlocks.Messaging", "Src\Shared\BuildingBlocks.Messaging\BuildingBlocks.Messaging.csproj", "{F195A5AA-99AC-48D4-93FA-5FE74CF112ED}"
EndProject
Project("{2150E333-8FDC-42A3-9474-1A3956D46DE8}") = "Services", "Services", "{5D563CCD-CFF8-41E4-A732-B16B1316AAB9}"
EndProject
Project("{2150E333-8FDC-42A3-9474-1A3956D46DE8}") = "ApiGateways", "ApiGateways", "{A824C7B1-F914-4C97-BEDE-8E648301E6B9}"
EndProject
Project("{2150E333-8FDC-42A3-9474-1A3956D46DE8}") = "Person", "Person", "{50ABD512-4CC3-4E28-9DCC-D66B23C02929}"
EndProject
Project("{2150E333-8FDC-42A3-9474-1A3956D46DE8}") = "Ticketing", "Ticketing", "{16462BB8-DA34-4CC0-BD86-A341ADA0817C}"
EndProject
Project("{2150E333-8FDC-42A3-9474-1A3956D46DE8}") = "Orchestration", "Orchestration", "{6D9B7228-EBD6-40A6-B68F-C3A58447636B}"
EndProject
Project("{2150E333-8FDC-42A3-9474-1A3956D46DE8}") = "Core", "Core", "{E3BC4151-6FE8-4095-A16E-9B1DDB3AF43C}"
EndProject
Project("{2150E333-8FDC-42A3-9474-1A3956D46DE8}") = "Presentation", "Presentation", "{06CF6F2B-7BE8-4ED3-8684-8512221F54A5}"
EndProject
Project("{2150E333-8FDC-42A3-9474-1A3956D46DE8}") = "Infrastructure", "Infrastructure", "{50C13670-D6C6-4429-B0A5-1F957D74C5AB}"
EndProject
Project("{FAE04EC0-301F-11D3-BF4B-00C04F79EFBC}") = "Domain", "Src\Services\Ticket\Core\Domain\Domain.csproj", "{20F7D822-5066-46F5-BD3D-69C306DDE0E4}"
EndProject
Project("{FAE04EC0-301F-11D3-BF4B-00C04F79EFBC}") = "Application", "Src\Services\Ticket\Core\Application\Application.csproj", "{2FEFD323-F66D-45D6-9133-779B0DB3F1B9}"
EndProject
Project("{FAE04EC0-301F-11D3-BF4B-00C04F79EFBC}") = "Persistence", "Src\Services\Ticket\Infrastructure\Persistence\Persistence.csproj", "{665BC9AC-900B-4673-94C4-D6574A4624D5}"
EndProject
Project("{FAE04EC0-301F-11D3-BF4B-00C04F79EFBC}") = "Infrastructure", "Src\Services\Ticket\Infrastructure\Infrastructure\Infrastructure.csproj", "{F4035367-0C27-4141-86C1-A42BACF36F7E}"
EndProject
Project("{FAE04EC0-301F-11D3-BF4B-00C04F79EFBC}") = "Aspire.AppHost", "Src\AppHost\Aspire.AppHost\Aspire.AppHost.AppHost\Aspire.AppHost.csproj", "{3D7B93D5-F6F0-403C-A8D7-7644377BEA83}"
EndProject
Project("{FAE04EC0-301F-11D3-BF4B-00C04F79EFBC}") = "Aspire.AppHost.ServiceDefaults", "Src\AppHost\Aspire.AppHost\Aspire.AppHost.ServiceDefaults\Aspire.AppHost.ServiceDefaults.csproj", "{CB4E5DA0-EC6A-40DD-B6CF-1CC3CD0FF2B3}"
EndProject
Project("{2150E333-8FDC-42A3-9474-1A3956D46DE8}") = "Core", "Core", "{9CE2210B-F942-4A00-BB1B-9AB1536B5013}"
EndProject
Project("{2150E333-8FDC-42A3-9474-1A3956D46DE8}") = "Infrastructure", "Infrastructure", "{161DA7F1-4798-4FD3-AD62-FC5CE111F200}"
EndProject
Project("{2150E333-8FDC-42A3-9474-1A3956D46DE8}") = "Presentation", "Presentation", "{802B22A4-6155-440E-AF7E-2B5A9BFD0659}"
EndProject
Project("{FAE04EC0-301F-11D3-BF4B-00C04F79EFBC}") = "Application", "Src\Services\Person\Core\Application\Application.csproj", "{4C14814E-E7FF-4462-BCB0-CFD8D552D8E4}"
EndProject
Project("{FAE04EC0-301F-11D3-BF4B-00C04F79EFBC}") = "Infrastructure", "Src\Services\Person\Infrastructure\Infrastructure\Infrastructure.csproj", "{D7E037FF-DF11-45C2-A41B-FCC5FC89FBF6}"
EndProject
Project("{FAE04EC0-301F-11D3-BF4B-00C04F79EFBC}") = "Domain", "Src\Services\Person\Core\Domain\Domain.csproj", "{95EEF84C-8534-438B-A080-23D65D82AAEC}"
EndProject
Project("{FAE04EC0-301F-11D3-BF4B-00C04F79EFBC}") = "Persistence", "Src\Services\Person\Infrastructure\Persistence\Persistence.csproj", "{247BD1F9-A857-4824-997F-06E04E2CCAF1}"
EndProject
Project("{FAE04EC0-301F-11D3-BF4B-00C04F79EFBC}") = "Ticketing.Api", "Src\Services\Ticket\Presentation\Ticketing.Api\Ticketing.Api\Ticketing.Api.csproj", "{7A37EA6D-E315-ECBC-0FAD-8397B7AE1605}"
EndProject
Project("{FAE04EC0-301F-11D3-BF4B-00C04F79EFBC}") = "Person.Api", "Src\Services\Person\Presentation\Person.Api\Person.Api\Person.Api.csproj", "{F3EE934E-2B34-80B5-91FA-0DFDF96EB695}"
EndProject
Project("{FAE04EC0-301F-11D3-BF4B-00C04F79EFBC}") = "Ocelot.ApiGateways", "Ocelot.ApiGateways\Ocelot.ApiGateways.csproj", "{8FB226FC-6E76-2224-6FEC-5A5BE2F30ECF}"
EndProject
Project("{2150E333-8FDC-42A3-9474-1A3956D46DE8}") = "Authentication", "Authentication", "{02EA681E-C7D8-13C7-8484-4AC65E1B71E8}"
EndProject
Project("{2150E333-8FDC-42A3-9474-1A3956D46DE8}") = "Core", "Core", "{8B5B369C-47C3-4B9D-A083-C82624DC1F4E}"
EndProject
Project("{2150E333-8FDC-42A3-9474-1A3956D46DE8}") = "Infrastructure", "Infrastructure", "{4F2B1FFB-7363-48C2-AB25-9B807F3DDEAD}"
EndProject
Project("{2150E333-8FDC-42A3-9474-1A3956D46DE8}") = "Presentation", "Presentation", "{9CE71F76-B9B6-45EB-83E6-AD50507FC407}"
EndProject
Project("{FAE04EC0-301F-11D3-BF4B-00C04F79EFBC}") = "Application", "Src\Services\Authentication\Core\Application\Application.csproj", "{895ECD09-B059-4603-A1AD-06690BFCEC12}"
EndProject
Project("{FAE04EC0-301F-11D3-BF4B-00C04F79EFBC}") = "Domain", "Src\Services\Authentication\Core\Domain\Domain.csproj", "{2BD58E04-EAE6-496C-A8B4-C53FB3BDD402}"
EndProject
Project("{FAE04EC0-301F-11D3-BF4B-00C04F79EFBC}") = "Authentication.Api", "Src\Services\Authentication\Presentation\Authentication.Api\Authentication.Api.csproj", "{DA9DCA4D-8684-E561-26EA-23BCA6B60791}"
EndProject
Project("{FAE04EC0-301F-11D3-BF4B-00C04F79EFBC}") = "Infrastructure", "Src\Services\Authentication\Infrastructure\Infrastructure\Infrastructure\Infrastructure.csproj", "{30BEB575-C2DE-4562-B832-03E34F95FFD5}"
EndProject
Project("{FAE04EC0-301F-11D3-BF4B-00C04F79EFBC}") = "Persistence", "Src\Services\Authentication\Infrastructure\Persistence\Persistence.csproj", "{F13BDACA-0DBB-4307-811B-13806448BF53}"
EndProject
Project("{2150E333-8FDC-42A3-9474-1A3956D46DE8}") = "Trip", "Trip", "{B27693EE-80A6-4AD4-B446-36B7D5662333}"
EndProject
Project("{2150E333-8FDC-42A3-9474-1A3956D46DE8}") = "Core", "Core", "{3EE523F8-5C33-4DDE-BF9B-7BF030BC39BE}"
EndProject
Project("{2150E333-8FDC-42A3-9474-1A3956D46DE8}") = "Preasntion", "Preasntion", "{16A2EC53-F43A-4390-AB9C-4CF7053F9A95}"
EndProject
Project("{2150E333-8FDC-42A3-9474-1A3956D46DE8}") = "Infrastructure", "Infrastructure", "{8BA19D5B-78D3-446D-8AB5-0BA9C894DF78}"
EndProject
Project("{FAE04EC0-301F-11D3-BF4B-00C04F79EFBC}") = "Domain", "Src\Services\Trip\Core\Domain\Domain.csproj", "{97AEF029-C5FD-4A22-8A88-EB3F83A79549}"
EndProject
Project("{FAE04EC0-301F-11D3-BF4B-00C04F79EFBC}") = "Application", "Src\Services\Trip\Core\Application\Application.csproj", "{8BF68A54-5FCC-419B-8E9A-82B23CEEC5A5}"
EndProject
Project("{FAE04EC0-301F-11D3-BF4B-00C04F79EFBC}") = "Persistence", "Src\Services\Trip\Infrastructure\Persistence\Persistence.csproj", "{B7770327-E7F4-4C65-A20C-4530BC413E63}"
EndProject
Project("{FAE04EC0-301F-11D3-BF4B-00C04F79EFBC}") = "Infrastructure", "Src\Services\Trip\Infrastructure\Infrastructure\Infrastructure.csproj", "{87B64177-D568-4A15-915E-79338F3A86A3}"
EndProject
Project("{FAE04EC0-301F-11D3-BF4B-00C04F79EFBC}") = "Trip.Api", "Src\Services\Trip\Preasntion\Trip.Api\Trip.Api.csproj", "{BA1553EA-550D-4645-3473-9FD415594CE1}"
EndProject
Project("{2150E333-8FDC-42A3-9474-1A3956D46DE8}") = "TripTest", "TripTest", "{A51D0F8E-206E-41F4-9274-D16BB2E338E2}"
EndProject
Project("{FAE04EC0-301F-11D3-BF4B-00C04F79EFBC}") = "TripDomainTest", "Test\TripTest\TripDomainTest\TripDomainTest.csproj", "{288BEE35-FEA2-41C2-AC95-8A4D5F4E0954}"
EndProject
Project("{2150E333-8FDC-42A3-9474-1A3956D46DE8}") = "Philap.ACL", "Philap.ACL", "{76DC7206-EC78-4567-9F02-C565A2A30CDA}"
EndProject
Project("{FAE04EC0-301F-11D3-BF4B-00C04F79EFBC}") = "ACL", "Src\Philap.ACL\ACL\ACL.csproj", "{A474DFF1-6293-43DA-B399-7B57E4283609}"
EndProject
Global
	GlobalSection(SolutionConfigurationPlatforms) = preSolution
		Debug|Any CPU = Debug|Any CPU
		Release|Any CPU = Release|Any CPU
	EndGlobalSection
	GlobalSection(ProjectConfigurationPlatforms) = postSolution
		{E1099248-BD2B-4F07-A839-0C926F78CACB}.Debug|Any CPU.ActiveCfg = Debug|Any CPU
		{E1099248-BD2B-4F07-A839-0C926F78CACB}.Debug|Any CPU.Build.0 = Debug|Any CPU
		{E1099248-BD2B-4F07-A839-0C926F78CACB}.Release|Any CPU.ActiveCfg = Release|Any CPU
		{E1099248-BD2B-4F07-A839-0C926F78CACB}.Release|Any CPU.Build.0 = Release|Any CPU
		{F195A5AA-99AC-48D4-93FA-5FE74CF112ED}.Debug|Any CPU.ActiveCfg = Debug|Any CPU
		{F195A5AA-99AC-48D4-93FA-5FE74CF112ED}.Debug|Any CPU.Build.0 = Debug|Any CPU
		{F195A5AA-99AC-48D4-93FA-5FE74CF112ED}.Release|Any CPU.ActiveCfg = Release|Any CPU
		{F195A5AA-99AC-48D4-93FA-5FE74CF112ED}.Release|Any CPU.Build.0 = Release|Any CPU
		{20F7D822-5066-46F5-BD3D-69C306DDE0E4}.Debug|Any CPU.ActiveCfg = Debug|Any CPU
		{20F7D822-5066-46F5-BD3D-69C306DDE0E4}.Debug|Any CPU.Build.0 = Debug|Any CPU
		{20F7D822-5066-46F5-BD3D-69C306DDE0E4}.Release|Any CPU.ActiveCfg = Release|Any CPU
		{20F7D822-5066-46F5-BD3D-69C306DDE0E4}.Release|Any CPU.Build.0 = Release|Any CPU
		{2FEFD323-F66D-45D6-9133-779B0DB3F1B9}.Debug|Any CPU.ActiveCfg = Debug|Any CPU
		{2FEFD323-F66D-45D6-9133-779B0DB3F1B9}.Debug|Any CPU.Build.0 = Debug|Any CPU
		{2FEFD323-F66D-45D6-9133-779B0DB3F1B9}.Release|Any CPU.ActiveCfg = Release|Any CPU
		{2FEFD323-F66D-45D6-9133-779B0DB3F1B9}.Release|Any CPU.Build.0 = Release|Any CPU
		{665BC9AC-900B-4673-94C4-D6574A4624D5}.Debug|Any CPU.ActiveCfg = Debug|Any CPU
		{665BC9AC-900B-4673-94C4-D6574A4624D5}.Debug|Any CPU.Build.0 = Debug|Any CPU
		{665BC9AC-900B-4673-94C4-D6574A4624D5}.Release|Any CPU.ActiveCfg = Release|Any CPU
		{665BC9AC-900B-4673-94C4-D6574A4624D5}.Release|Any CPU.Build.0 = Release|Any CPU
		{F4035367-0C27-4141-86C1-A42BACF36F7E}.Debug|Any CPU.ActiveCfg = Debug|Any CPU
		{F4035367-0C27-4141-86C1-A42BACF36F7E}.Debug|Any CPU.Build.0 = Debug|Any CPU
		{F4035367-0C27-4141-86C1-A42BACF36F7E}.Release|Any CPU.ActiveCfg = Release|Any CPU
		{F4035367-0C27-4141-86C1-A42BACF36F7E}.Release|Any CPU.Build.0 = Release|Any CPU
		{3D7B93D5-F6F0-403C-A8D7-7644377BEA83}.Debug|Any CPU.ActiveCfg = Debug|Any CPU
		{3D7B93D5-F6F0-403C-A8D7-7644377BEA83}.Debug|Any CPU.Build.0 = Debug|Any CPU
		{3D7B93D5-F6F0-403C-A8D7-7644377BEA83}.Release|Any CPU.ActiveCfg = Release|Any CPU
		{3D7B93D5-F6F0-403C-A8D7-7644377BEA83}.Release|Any CPU.Build.0 = Release|Any CPU
		{CB4E5DA0-EC6A-40DD-B6CF-1CC3CD0FF2B3}.Debug|Any CPU.ActiveCfg = Debug|Any CPU
		{CB4E5DA0-EC6A-40DD-B6CF-1CC3CD0FF2B3}.Debug|Any CPU.Build.0 = Debug|Any CPU
		{CB4E5DA0-EC6A-40DD-B6CF-1CC3CD0FF2B3}.Release|Any CPU.ActiveCfg = Release|Any CPU
		{CB4E5DA0-EC6A-40DD-B6CF-1CC3CD0FF2B3}.Release|Any CPU.Build.0 = Release|Any CPU
		{4C14814E-E7FF-4462-BCB0-CFD8D552D8E4}.Debug|Any CPU.ActiveCfg = Debug|Any CPU
		{4C14814E-E7FF-4462-BCB0-CFD8D552D8E4}.Debug|Any CPU.Build.0 = Debug|Any CPU
		{4C14814E-E7FF-4462-BCB0-CFD8D552D8E4}.Release|Any CPU.ActiveCfg = Release|Any CPU
		{4C14814E-E7FF-4462-BCB0-CFD8D552D8E4}.Release|Any CPU.Build.0 = Release|Any CPU
		{D7E037FF-DF11-45C2-A41B-FCC5FC89FBF6}.Debug|Any CPU.ActiveCfg = Debug|Any CPU
		{D7E037FF-DF11-45C2-A41B-FCC5FC89FBF6}.Debug|Any CPU.Build.0 = Debug|Any CPU
		{D7E037FF-DF11-45C2-A41B-FCC5FC89FBF6}.Release|Any CPU.ActiveCfg = Release|Any CPU
		{D7E037FF-DF11-45C2-A41B-FCC5FC89FBF6}.Release|Any CPU.Build.0 = Release|Any CPU
		{95EEF84C-8534-438B-A080-23D65D82AAEC}.Debug|Any CPU.ActiveCfg = Debug|Any CPU
		{95EEF84C-8534-438B-A080-23D65D82AAEC}.Debug|Any CPU.Build.0 = Debug|Any CPU
		{95EEF84C-8534-438B-A080-23D65D82AAEC}.Release|Any CPU.ActiveCfg = Release|Any CPU
		{95EEF84C-8534-438B-A080-23D65D82AAEC}.Release|Any CPU.Build.0 = Release|Any CPU
		{247BD1F9-A857-4824-997F-06E04E2CCAF1}.Debug|Any CPU.ActiveCfg = Debug|Any CPU
		{247BD1F9-A857-4824-997F-06E04E2CCAF1}.Debug|Any CPU.Build.0 = Debug|Any CPU
		{247BD1F9-A857-4824-997F-06E04E2CCAF1}.Release|Any CPU.ActiveCfg = Release|Any CPU
		{247BD1F9-A857-4824-997F-06E04E2CCAF1}.Release|Any CPU.Build.0 = Release|Any CPU
		{7A37EA6D-E315-ECBC-0FAD-8397B7AE1605}.Debug|Any CPU.ActiveCfg = Debug|Any CPU
		{7A37EA6D-E315-ECBC-0FAD-8397B7AE1605}.Debug|Any CPU.Build.0 = Debug|Any CPU
		{7A37EA6D-E315-ECBC-0FAD-8397B7AE1605}.Release|Any CPU.ActiveCfg = Release|Any CPU
		{7A37EA6D-E315-ECBC-0FAD-8397B7AE1605}.Release|Any CPU.Build.0 = Release|Any CPU
		{F3EE934E-2B34-80B5-91FA-0DFDF96EB695}.Debug|Any CPU.ActiveCfg = Debug|Any CPU
		{F3EE934E-2B34-80B5-91FA-0DFDF96EB695}.Debug|Any CPU.Build.0 = Debug|Any CPU
		{F3EE934E-2B34-80B5-91FA-0DFDF96EB695}.Release|Any CPU.ActiveCfg = Release|Any CPU
		{F3EE934E-2B34-80B5-91FA-0DFDF96EB695}.Release|Any CPU.Build.0 = Release|Any CPU
		{8FB226FC-6E76-2224-6FEC-5A5BE2F30ECF}.Debug|Any CPU.ActiveCfg = Debug|Any CPU
		{8FB226FC-6E76-2224-6FEC-5A5BE2F30ECF}.Debug|Any CPU.Build.0 = Debug|Any CPU
		{8FB226FC-6E76-2224-6FEC-5A5BE2F30ECF}.Release|Any CPU.ActiveCfg = Release|Any CPU
		{8FB226FC-6E76-2224-6FEC-5A5BE2F30ECF}.Release|Any CPU.Build.0 = Release|Any CPU
		{895ECD09-B059-4603-A1AD-06690BFCEC12}.Debug|Any CPU.ActiveCfg = Debug|Any CPU
		{895ECD09-B059-4603-A1AD-06690BFCEC12}.Debug|Any CPU.Build.0 = Debug|Any CPU
		{895ECD09-B059-4603-A1AD-06690BFCEC12}.Release|Any CPU.ActiveCfg = Release|Any CPU
		{895ECD09-B059-4603-A1AD-06690BFCEC12}.Release|Any CPU.Build.0 = Release|Any CPU
		{2BD58E04-EAE6-496C-A8B4-C53FB3BDD402}.Debug|Any CPU.ActiveCfg = Debug|Any CPU
		{2BD58E04-EAE6-496C-A8B4-C53FB3BDD402}.Debug|Any CPU.Build.0 = Debug|Any CPU
		{2BD58E04-EAE6-496C-A8B4-C53FB3BDD402}.Release|Any CPU.ActiveCfg = Release|Any CPU
		{2BD58E04-EAE6-496C-A8B4-C53FB3BDD402}.Release|Any CPU.Build.0 = Release|Any CPU
		{DA9DCA4D-8684-E561-26EA-23BCA6B60791}.Debug|Any CPU.ActiveCfg = Debug|Any CPU
		{DA9DCA4D-8684-E561-26EA-23BCA6B60791}.Debug|Any CPU.Build.0 = Debug|Any CPU
		{DA9DCA4D-8684-E561-26EA-23BCA6B60791}.Release|Any CPU.ActiveCfg = Release|Any CPU
		{DA9DCA4D-8684-E561-26EA-23BCA6B60791}.Release|Any CPU.Build.0 = Release|Any CPU
		{30BEB575-C2DE-4562-B832-03E34F95FFD5}.Debug|Any CPU.ActiveCfg = Debug|Any CPU
		{30BEB575-C2DE-4562-B832-03E34F95FFD5}.Debug|Any CPU.Build.0 = Debug|Any CPU
		{30BEB575-C2DE-4562-B832-03E34F95FFD5}.Release|Any CPU.ActiveCfg = Release|Any CPU
		{30BEB575-C2DE-4562-B832-03E34F95FFD5}.Release|Any CPU.Build.0 = Release|Any CPU
		{F13BDACA-0DBB-4307-811B-13806448BF53}.Debug|Any CPU.ActiveCfg = Debug|Any CPU
		{F13BDACA-0DBB-4307-811B-13806448BF53}.Debug|Any CPU.Build.0 = Debug|Any CPU
		{F13BDACA-0DBB-4307-811B-13806448BF53}.Release|Any CPU.ActiveCfg = Release|Any CPU
		{F13BDACA-0DBB-4307-811B-13806448BF53}.Release|Any CPU.Build.0 = Release|Any CPU
		{97AEF029-C5FD-4A22-8A88-EB3F83A79549}.Debug|Any CPU.ActiveCfg = Debug|Any CPU
		{97AEF029-C5FD-4A22-8A88-EB3F83A79549}.Debug|Any CPU.Build.0 = Debug|Any CPU
		{97AEF029-C5FD-4A22-8A88-EB3F83A79549}.Release|Any CPU.ActiveCfg = Release|Any CPU
		{97AEF029-C5FD-4A22-8A88-EB3F83A79549}.Release|Any CPU.Build.0 = Release|Any CPU
		{8BF68A54-5FCC-419B-8E9A-82B23CEEC5A5}.Debug|Any CPU.ActiveCfg = Debug|Any CPU
		{8BF68A54-5FCC-419B-8E9A-82B23CEEC5A5}.Debug|Any CPU.Build.0 = Debug|Any CPU
		{8BF68A54-5FCC-419B-8E9A-82B23CEEC5A5}.Release|Any CPU.ActiveCfg = Release|Any CPU
		{8BF68A54-5FCC-419B-8E9A-82B23CEEC5A5}.Release|Any CPU.Build.0 = Release|Any CPU
		{B7770327-E7F4-4C65-A20C-4530BC413E63}.Debug|Any CPU.ActiveCfg = Debug|Any CPU
		{B7770327-E7F4-4C65-A20C-4530BC413E63}.Debug|Any CPU.Build.0 = Debug|Any CPU
		{B7770327-E7F4-4C65-A20C-4530BC413E63}.Release|Any CPU.ActiveCfg = Release|Any CPU
		{B7770327-E7F4-4C65-A20C-4530BC413E63}.Release|Any CPU.Build.0 = Release|Any CPU
		{87B64177-D568-4A15-915E-79338F3A86A3}.Debug|Any CPU.ActiveCfg = Debug|Any CPU
		{87B64177-D568-4A15-915E-79338F3A86A3}.Debug|Any CPU.Build.0 = Debug|Any CPU
		{87B64177-D568-4A15-915E-79338F3A86A3}.Release|Any CPU.ActiveCfg = Release|Any CPU
		{87B64177-D568-4A15-915E-79338F3A86A3}.Release|Any CPU.Build.0 = Release|Any CPU
		{BA1553EA-550D-4645-3473-9FD415594CE1}.Debug|Any CPU.ActiveCfg = Debug|Any CPU
		{BA1553EA-550D-4645-3473-9FD415594CE1}.Debug|Any CPU.Build.0 = Debug|Any CPU
		{BA1553EA-550D-4645-3473-9FD415594CE1}.Release|Any CPU.ActiveCfg = Release|Any CPU
		{BA1553EA-550D-4645-3473-9FD415594CE1}.Release|Any CPU.Build.0 = Release|Any CPU
		{288BEE35-FEA2-41C2-AC95-8A4D5F4E0954}.Debug|Any CPU.ActiveCfg = Debug|Any CPU
		{288BEE35-FEA2-41C2-AC95-8A4D5F4E0954}.Debug|Any CPU.Build.0 = Debug|Any CPU
		{288BEE35-FEA2-41C2-AC95-8A4D5F4E0954}.Release|Any CPU.ActiveCfg = Release|Any CPU
		{288BEE35-FEA2-41C2-AC95-8A4D5F4E0954}.Release|Any CPU.Build.0 = Release|Any CPU
		{A474DFF1-6293-43DA-B399-7B57E4283609}.Debug|Any CPU.ActiveCfg = Debug|Any CPU
		{A474DFF1-6293-43DA-B399-7B57E4283609}.Debug|Any CPU.Build.0 = Debug|Any CPU
		{A474DFF1-6293-43DA-B399-7B57E4283609}.Release|Any CPU.ActiveCfg = Release|Any CPU
		{A474DFF1-6293-43DA-B399-7B57E4283609}.Release|Any CPU.Build.0 = Release|Any CPU
	EndGlobalSection
	GlobalSection(SolutionProperties) = preSolution
		HideSolutionNode = FALSE
	EndGlobalSection
	GlobalSection(NestedProjects) = preSolution
		{C1F1F303-A955-4E59-B6FD-733FBDAA0F13} = {31E40028-9CE2-45A4-996C-6A6E858BE294}
		{E1099248-BD2B-4F07-A839-0C926F78CACB} = {C1F1F303-A955-4E59-B6FD-733FBDAA0F13}
		{2B4D7523-89F4-4079-ACC0-4BCAB6272042} = {31E40028-9CE2-45A4-996C-6A6E858BE294}
		{F195A5AA-99AC-48D4-93FA-5FE74CF112ED} = {C1F1F303-A955-4E59-B6FD-733FBDAA0F13}
		{5D563CCD-CFF8-41E4-A732-B16B1316AAB9} = {31E40028-9CE2-45A4-996C-6A6E858BE294}
		{A824C7B1-F914-4C97-BEDE-8E648301E6B9} = {31E40028-9CE2-45A4-996C-6A6E858BE294}
		{50ABD512-4CC3-4E28-9DCC-D66B23C02929} = {5D563CCD-CFF8-41E4-A732-B16B1316AAB9}
		{16462BB8-DA34-4CC0-BD86-A341ADA0817C} = {5D563CCD-CFF8-41E4-A732-B16B1316AAB9}
		{6D9B7228-EBD6-40A6-B68F-C3A58447636B} = {5D563CCD-CFF8-41E4-A732-B16B1316AAB9}
		{E3BC4151-6FE8-4095-A16E-9B1DDB3AF43C} = {16462BB8-DA34-4CC0-BD86-A341ADA0817C}
		{06CF6F2B-7BE8-4ED3-8684-8512221F54A5} = {16462BB8-DA34-4CC0-BD86-A341ADA0817C}
		{50C13670-D6C6-4429-B0A5-1F957D74C5AB} = {16462BB8-DA34-4CC0-BD86-A341ADA0817C}
		{20F7D822-5066-46F5-BD3D-69C306DDE0E4} = {E3BC4151-6FE8-4095-A16E-9B1DDB3AF43C}
		{2FEFD323-F66D-45D6-9133-779B0DB3F1B9} = {E3BC4151-6FE8-4095-A16E-9B1DDB3AF43C}
		{665BC9AC-900B-4673-94C4-D6574A4624D5} = {50C13670-D6C6-4429-B0A5-1F957D74C5AB}
		{F4035367-0C27-4141-86C1-A42BACF36F7E} = {50C13670-D6C6-4429-B0A5-1F957D74C5AB}
		{3D7B93D5-F6F0-403C-A8D7-7644377BEA83} = {2B4D7523-89F4-4079-ACC0-4BCAB6272042}
		{CB4E5DA0-EC6A-40DD-B6CF-1CC3CD0FF2B3} = {2B4D7523-89F4-4079-ACC0-4BCAB6272042}
		{9CE2210B-F942-4A00-BB1B-9AB1536B5013} = {50ABD512-4CC3-4E28-9DCC-D66B23C02929}
		{161DA7F1-4798-4FD3-AD62-FC5CE111F200} = {50ABD512-4CC3-4E28-9DCC-D66B23C02929}
		{802B22A4-6155-440E-AF7E-2B5A9BFD0659} = {50ABD512-4CC3-4E28-9DCC-D66B23C02929}
		{4C14814E-E7FF-4462-BCB0-CFD8D552D8E4} = {9CE2210B-F942-4A00-BB1B-9AB1536B5013}
		{D7E037FF-DF11-45C2-A41B-FCC5FC89FBF6} = {161DA7F1-4798-4FD3-AD62-FC5CE111F200}
		{95EEF84C-8534-438B-A080-23D65D82AAEC} = {9CE2210B-F942-4A00-BB1B-9AB1536B5013}
		{247BD1F9-A857-4824-997F-06E04E2CCAF1} = {161DA7F1-4798-4FD3-AD62-FC5CE111F200}
		{7A37EA6D-E315-ECBC-0FAD-8397B7AE1605} = {06CF6F2B-7BE8-4ED3-8684-8512221F54A5}
		{F3EE934E-2B34-80B5-91FA-0DFDF96EB695} = {802B22A4-6155-440E-AF7E-2B5A9BFD0659}
		{8FB226FC-6E76-2224-6FEC-5A5BE2F30ECF} = {A824C7B1-F914-4C97-BEDE-8E648301E6B9}
		{02EA681E-C7D8-13C7-8484-4AC65E1B71E8} = {5D563CCD-CFF8-41E4-A732-B16B1316AAB9}
		{8B5B369C-47C3-4B9D-A083-C82624DC1F4E} = {02EA681E-C7D8-13C7-8484-4AC65E1B71E8}
		{4F2B1FFB-7363-48C2-AB25-9B807F3DDEAD} = {02EA681E-C7D8-13C7-8484-4AC65E1B71E8}
		{9CE71F76-B9B6-45EB-83E6-AD50507FC407} = {02EA681E-C7D8-13C7-8484-4AC65E1B71E8}
		{895ECD09-B059-4603-A1AD-06690BFCEC12} = {8B5B369C-47C3-4B9D-A083-C82624DC1F4E}
		{2BD58E04-EAE6-496C-A8B4-C53FB3BDD402} = {8B5B369C-47C3-4B9D-A083-C82624DC1F4E}
		{DA9DCA4D-8684-E561-26EA-23BCA6B60791} = {9CE71F76-B9B6-45EB-83E6-AD50507FC407}
		{30BEB575-C2DE-4562-B832-03E34F95FFD5} = {4F2B1FFB-7363-48C2-AB25-9B807F3DDEAD}
		{F13BDACA-0DBB-4307-811B-13806448BF53} = {4F2B1FFB-7363-48C2-AB25-9B807F3DDEAD}
		{B27693EE-80A6-4AD4-B446-36B7D5662333} = {5D563CCD-CFF8-41E4-A732-B16B1316AAB9}
		{3EE523F8-5C33-4DDE-BF9B-7BF030BC39BE} = {B27693EE-80A6-4AD4-B446-36B7D5662333}
		{16A2EC53-F43A-4390-AB9C-4CF7053F9A95} = {B27693EE-80A6-4AD4-B446-36B7D5662333}
		{8BA19D5B-78D3-446D-8AB5-0BA9C894DF78} = {B27693EE-80A6-4AD4-B446-36B7D5662333}
		{97AEF029-C5FD-4A22-8A88-EB3F83A79549} = {3EE523F8-5C33-4DDE-BF9B-7BF030BC39BE}
		{8BF68A54-5FCC-419B-8E9A-82B23CEEC5A5} = {3EE523F8-5C33-4DDE-BF9B-7BF030BC39BE}
		{B7770327-E7F4-4C65-A20C-4530BC413E63} = {8BA19D5B-78D3-446D-8AB5-0BA9C894DF78}
		{87B64177-D568-4A15-915E-79338F3A86A3} = {8BA19D5B-78D3-446D-8AB5-0BA9C894DF78}
		{BA1553EA-550D-4645-3473-9FD415594CE1} = {16A2EC53-F43A-4390-AB9C-4CF7053F9A95}
		{A51D0F8E-206E-41F4-9274-D16BB2E338E2} = {01209564-A426-4678-A6BF-CE37C0DE8FCF}
		{288BEE35-FEA2-41C2-AC95-8A4D5F4E0954} = {A51D0F8E-206E-41F4-9274-D16BB2E338E2}
		{76DC7206-EC78-4567-9F02-C565A2A30CDA} = {31E40028-9CE2-45A4-996C-6A6E858BE294}
		{A474DFF1-6293-43DA-B399-7B57E4283609} = {76DC7206-EC78-4567-9F02-C565A2A30CDA}
	EndGlobalSection
	GlobalSection(ExtensibilityGlobals) = postSolution
		SolutionGuid = {F95E290E-203A-456C-BBD6-1B08D102C4F5}
	EndGlobalSection
EndGlobal
